
Microsoft Visual Studio Solution File, Format Version 12.00
# Visual Studio 15
VisualStudioVersion = 15.0.28307.960
MinimumVisualStudioVersion = 10.0.40219.1
Project("{FAE04EC0-301F-11D3-BF4B-00C04F79EFBC}") = "VBATool", "VBATool\VBATool.csproj", "{C3288439-F2DA-4722-A618-F4EA66702A82}"
EndProject
Global
	GlobalSection(SolutionConfigurationPlatforms) = preSolution
		Debug|Any CPU = Debug|Any CPU
		Release|Any CPU = Release|Any CPU
	EndGlobalSection
	GlobalSection(ProjectConfigurationPlatforms) = postSolution
		{C3288439-F2DA-4722-A618-F4EA66702A82}.Debug|Any CPU.ActiveCfg = Debug|Any CPU
		{C3288439-F2DA-4722-A618-F4EA66702A82}.Debug|Any CPU.Build.0 = Debug|Any CPU
		{C3288439-F2DA-4722-A618-F4EA66702A82}.Release|Any CPU.ActiveCfg = Release|Any CPU
		{C3288439-F2DA-4722-A618-F4EA66702A82}.Release|Any CPU.Build.0 = Release|Any CPU
	EndGlobalSection
	GlobalSection(SolutionProperties) = preSolution
		HideSolutionNode = FALSE
	EndGlobalSection
	GlobalSection(ExtensibilityGlobals) = postSolution
		SolutionGuid = {F96C264D-2920-4776-A0FF-E55833461428}
	EndGlobalSection
EndGlobal
